
Microsoft Visual Studio Solution File, Format Version 12.00
# Visual Studio Version 17
VisualStudioVersion = 17.7.34003.232
MinimumVisualStudioVersion = 10.0.40219.1
Project("{FAE04EC0-301F-11D3-BF4B-00C04F79EFBC}") = "Nibelung.Api", "Nibelung\Nibelung.Api.csproj", "{B5F30870-795D-43C4-BDAC-78F3AF1F4C7B}"
EndProject
Project("{FAE04EC0-301F-11D3-BF4B-00C04F79EFBC}") = "Nibelung.Infrastructure", "Nibelung.Infrastructure\Nibelung.Infrastructure.csproj", "{DC95A357-1027-46C6-9F1C-98BCCF5E0922}"
EndProject
Project("{FAE04EC0-301F-11D3-BF4B-00C04F79EFBC}") = "Nibelung.Domain", "Nibelung.Domain\Nibelung.Domain.csproj", "{F04111E1-1B81-4628-9252-6316F19AA4F3}"
EndProject
Global
	GlobalSection(SolutionConfigurationPlatforms) = preSolution
		Debug|Any CPU = Debug|Any CPU
		Release|Any CPU = Release|Any CPU
	EndGlobalSection
	GlobalSection(ProjectConfigurationPlatforms) = postSolution
		{B5F30870-795D-43C4-BDAC-78F3AF1F4C7B}.Debug|Any CPU.ActiveCfg = Debug|Any CPU
		{B5F30870-795D-43C4-BDAC-78F3AF1F4C7B}.Debug|Any CPU.Build.0 = Debug|Any CPU
		{B5F30870-795D-43C4-BDAC-78F3AF1F4C7B}.Release|Any CPU.ActiveCfg = Release|Any CPU
		{B5F30870-795D-43C4-BDAC-78F3AF1F4C7B}.Release|Any CPU.Build.0 = Release|Any CPU
		{DC95A357-1027-46C6-9F1C-98BCCF5E0922}.Debug|Any CPU.ActiveCfg = Debug|Any CPU
		{DC95A357-1027-46C6-9F1C-98BCCF5E0922}.Debug|Any CPU.Build.0 = Debug|Any CPU
		{DC95A357-1027-46C6-9F1C-98BCCF5E0922}.Release|Any CPU.ActiveCfg = Release|Any CPU
		{DC95A357-1027-46C6-9F1C-98BCCF5E0922}.Release|Any CPU.Build.0 = Release|Any CPU
		{F04111E1-1B81-4628-9252-6316F19AA4F3}.Debug|Any CPU.ActiveCfg = Debug|Any CPU
		{F04111E1-1B81-4628-9252-6316F19AA4F3}.Debug|Any CPU.Build.0 = Debug|Any CPU
		{F04111E1-1B81-4628-9252-6316F19AA4F3}.Release|Any CPU.ActiveCfg = Release|Any CPU
		{F04111E1-1B81-4628-9252-6316F19AA4F3}.Release|Any CPU.Build.0 = Release|Any CPU
	EndGlobalSection
	GlobalSection(SolutionProperties) = preSolution
		HideSolutionNode = FALSE
	EndGlobalSection
	GlobalSection(ExtensibilityGlobals) = postSolution
		SolutionGuid = {735CFF4A-DB30-4E40-9491-FAC38EDFA173}
	EndGlobalSection
EndGlobal
